{
    "version": 3,
    "terraform_version": "0.10.8",
    "serial": 3,
    "lineage": "91463924-dc3a-4747-8183-f84be1727c2f",
    "modules": [
        {
            "path": [
                "root"
            ],
            "outputs": {},
            "resources": {
                "aws_vpc.mon_vpc": {
                    "type": "aws_vpc",
                    "depends_on": [],
                    "primary": {
                        "id": "vpc-71380e16",
                        "attributes": {
                            "assign_generated_ipv6_cidr_block": "false",
                            "cidr_block": "10.0.0.0/16",
                            "default_network_acl_id": "acl-7b56871d",
                            "default_route_table_id": "rtb-6297f804",
                            "default_security_group_id": "sg-0004b07b",
                            "dhcp_options_id": "dopt-b4de2ad3",
                            "enable_classiclink": "false",
                            "enable_classiclink_dns_support": "false",
                            "enable_dns_hostnames": "false",
                            "enable_dns_support": "true",
                            "id": "vpc-71380e16",
                            "instance_tenancy": "default",
                            "main_route_table_id": "rtb-6297f804",
                            "tags.%": "2",
                            "tags.DateCreated": "14/11/2017",
                            "tags.Name": "VPC de Aurelien"
                        },
                        "meta": {
                            "schema_version": "1"
                        },
                        "tainted": false
                    },
                    "deposed": [],
                    "provider": ""
                }
            },
            "depends_on": []
        }
    ]
}
