{
    "version": 3,
    "terraform_version": "0.10.8",
    "serial": 8,
    "lineage": "91463924-dc3a-4747-8183-f84be1727c2f",
    "modules": [
        {
            "path": [
                "root"
            ],
            "outputs": {},
            "resources": {
                "aws_internet_gateway.ma_gateway": {
                    "type": "aws_internet_gateway",
                    "depends_on": [
                        "aws_vpc.mon_vpc"
                    ],
                    "primary": {
                        "id": "igw-52a05035",
                        "attributes": {
                            "id": "igw-52a05035",
                            "tags.%": "2",
                            "tags.DateCreated": "14/11/2017",
                            "tags.Name": "Gateway de Aurelien",
                            "vpc_id": "vpc-cd2315aa"
                        },
                        "meta": {},
                        "tainted": false
                    },
                    "deposed": [],
                    "provider": ""
                },
                "aws_route_table.ma_route_table": {
                    "type": "aws_route_table",
                    "depends_on": [
                        "aws_internet_gateway.ma_gateway",
                        "aws_vpc.mon_vpc"
                    ],
                    "primary": {
                        "id": "rtb-c0e689a6",
                        "attributes": {
                            "id": "rtb-c0e689a6",
                            "propagating_vgws.#": "0",
                            "route.#": "1",
                            "route.405695177.cidr_block": "0.0.0.0/0",
                            "route.405695177.egress_only_gateway_id": "",
                            "route.405695177.gateway_id": "igw-52a05035",
                            "route.405695177.instance_id": "",
                            "route.405695177.ipv6_cidr_block": "",
                            "route.405695177.nat_gateway_id": "",
                            "route.405695177.network_interface_id": "",
                            "route.405695177.vpc_peering_connection_id": "",
                            "tags.%": "2",
                            "tags.DateCreated": "14/11/2017",
                            "tags.Name": "Route table de Aurelien",
                            "vpc_id": "vpc-cd2315aa"
                        },
                        "meta": {},
                        "tainted": false
                    },
                    "deposed": [],
                    "provider": ""
                },
                "aws_route_table_association.ma_route_table_association": {
                    "type": "aws_route_table_association",
                    "depends_on": [
                        "aws_route_table.ma_route_table",
                        "aws_subnet.mon_subnet"
                    ],
                    "primary": {
                        "id": "rtbassoc-18397061",
                        "attributes": {
                            "id": "rtbassoc-18397061",
                            "route_table_id": "rtb-c0e689a6",
                            "subnet_id": "subnet-f798b6be"
                        },
                        "meta": {},
                        "tainted": false
                    },
                    "deposed": [],
                    "provider": ""
                },
                "aws_subnet.mon_subnet": {
                    "type": "aws_subnet",
                    "depends_on": [
                        "aws_vpc.mon_vpc"
                    ],
                    "primary": {
                        "id": "subnet-f798b6be",
                        "attributes": {
                            "assign_ipv6_address_on_creation": "false",
                            "availability_zone": "eu-west-1c",
                            "cidr_block": "10.0.1.0/24",
                            "id": "subnet-f798b6be",
                            "map_public_ip_on_launch": "true",
                            "tags.%": "2",
                            "tags.DateCreated": "14/11/2017",
                            "tags.Name": "Subnet de Aurelien",
                            "vpc_id": "vpc-cd2315aa"
                        },
                        "meta": {
                            "schema_version": "1"
                        },
                        "tainted": false
                    },
                    "deposed": [],
                    "provider": ""
                },
                "aws_vpc.mon_vpc": {
                    "type": "aws_vpc",
                    "depends_on": [],
                    "primary": {
                        "id": "vpc-cd2315aa",
                        "attributes": {
                            "assign_generated_ipv6_cidr_block": "false",
                            "cidr_block": "10.0.0.0/16",
                            "default_network_acl_id": "acl-4a5e8f2c",
                            "default_route_table_id": "rtb-6ce58a0a",
                            "default_security_group_id": "sg-f2ff4889",
                            "dhcp_options_id": "dopt-b4de2ad3",
                            "enable_classiclink": "false",
                            "enable_classiclink_dns_support": "false",
                            "enable_dns_hostnames": "false",
                            "enable_dns_support": "true",
                            "id": "vpc-cd2315aa",
                            "instance_tenancy": "default",
                            "main_route_table_id": "rtb-6ce58a0a",
                            "tags.%": "2",
                            "tags.DateCreated": "14/11/2017",
                            "tags.Name": "VPC de Aurelien"
                        },
                        "meta": {
                            "schema_version": "1"
                        },
                        "tainted": false
                    },
                    "deposed": [],
                    "provider": ""
                }
            },
            "depends_on": []
        }
    ]
}
